// !$*UTF8*$!
{
	archiveVersion = 1;
	classes = {
	};
	objectVersion = 56;
	objects = {

/* Begin PBXBuildFile section */
		945435982BF36D9000D94F01 /* MoodMenuV1App.swift in Sources */ = {isa = PBXBuildFile; fileRef = 945435972BF36D9000D94F01 /* MoodMenuV1App.swift */; };
		9454359A2BF36D9000D94F01 /* ContentView.swift in Sources */ = {isa = PBXBuildFile; fileRef = 945435992BF36D9000D94F01 /* ContentView.swift */; };
		9454359C2BF36D9100D94F01 /* Assets.xcassets in Resources */ = {isa = PBXBuildFile; fileRef = 9454359B2BF36D9100D94F01 /* Assets.xcassets */; };
		9454359F2BF36D9100D94F01 /* Preview Assets.xcassets in Resources */ = {isa = PBXBuildFile; fileRef = 9454359E2BF36D9100D94F01 /* Preview Assets.xcassets */; };
		945435A12BF36D9100D94F01 /* Persistence.swift in Sources */ = {isa = PBXBuildFile; fileRef = 945435A02BF36D9100D94F01 /* Persistence.swift */; };
		945435A42BF36D9100D94F01 /* MoodMenuV1.xcdatamodeld in Sources */ = {isa = PBXBuildFile; fileRef = 945435A22BF36D9100D94F01 /* MoodMenuV1.xcdatamodeld */; };
		94DE634A2BF3741A005A71C2 /* StatusBarController.swift in Sources */ = {isa = PBXBuildFile; fileRef = 94DE63492BF3741A005A71C2 /* StatusBarController.swift */; };
		94DE634C2BF37453005A71C2 /* AppDelegate.swift in Sources */ = {isa = PBXBuildFile; fileRef = 94DE634B2BF37453005A71C2 /* AppDelegate.swift */; };
		94DE634E2BF3747C005A71C2 /* PopoverView.swift in Sources */ = {isa = PBXBuildFile; fileRef = 94DE634D2BF3747C005A71C2 /* PopoverView.swift */; };
		94DE63512BF3A1F6005A71C2 /* MoodData+CoreDataClass.swift in Sources */ = {isa = PBXBuildFile; fileRef = 94DE634F2BF3A1F6005A71C2 /* MoodData+CoreDataClass.swift */; };
		94DE63522BF3A1F6005A71C2 /* MoodData+CoreDataProperties.swift in Sources */ = {isa = PBXBuildFile; fileRef = 94DE63502BF3A1F6005A71C2 /* MoodData+CoreDataProperties.swift */; };
/* End PBXBuildFile section */

/* Begin PBXFileReference section */
		945435942BF36D9000D94F01 /* MoodMenuV1.app */ = {isa = PBXFileReference; explicitFileType = wrapper.application; includeInIndex = 0; path = MoodMenuV1.app; sourceTree = BUILT_PRODUCTS_DIR; };
		945435972BF36D9000D94F01 /* MoodMenuV1App.swift */ = {isa = PBXFileReference; lastKnownFileType = sourcecode.swift; path = MoodMenuV1App.swift; sourceTree = "<group>"; };
		945435992BF36D9000D94F01 /* ContentView.swift */ = {isa = PBXFileReference; lastKnownFileType = sourcecode.swift; path = ContentView.swift; sourceTree = "<group>"; };
		9454359B2BF36D9100D94F01 /* Assets.xcassets */ = {isa = PBXFileReference; lastKnownFileType = folder.assetcatalog; path = Assets.xcassets; sourceTree = "<group>"; };
		9454359E2BF36D9100D94F01 /* Preview Assets.xcassets */ = {isa = PBXFileReference; lastKnownFileType = folder.assetcatalog; path = "Preview Assets.xcassets"; sourceTree = "<group>"; };
		945435A02BF36D9100D94F01 /* Persistence.swift */ = {isa = PBXFileReference; lastKnownFileType = sourcecode.swift; path = Persistence.swift; sourceTree = "<group>"; };
		945435A32BF36D9100D94F01 /* MoodMenuV1.xcdatamodel */ = {isa = PBXFileReference; lastKnownFileType = wrapper.xcdatamodel; path = MoodMenuV1.xcdatamodel; sourceTree = "<group>"; };
		945435A52BF36D9100D94F01 /* MoodMenuV1.entitlements */ = {isa = PBXFileReference; lastKnownFileType = text.plist.entitlements; path = MoodMenuV1.entitlements; sourceTree = "<group>"; };
		94DE63492BF3741A005A71C2 /* StatusBarController.swift */ = {isa = PBXFileReference; lastKnownFileType = sourcecode.swift; path = StatusBarController.swift; sourceTree = "<group>"; };
		94DE634B2BF37453005A71C2 /* AppDelegate.swift */ = {isa = PBXFileReference; lastKnownFileType = sourcecode.swift; path = AppDelegate.swift; sourceTree = "<group>"; };
		94DE634D2BF3747C005A71C2 /* PopoverView.swift */ = {isa = PBXFileReference; lastKnownFileType = sourcecode.swift; path = PopoverView.swift; sourceTree = "<group>"; };
		94DE634F2BF3A1F6005A71C2 /* MoodData+CoreDataClass.swift */ = {isa = PBXFileReference; lastKnownFileType = sourcecode.swift; path = "MoodData+CoreDataClass.swift"; sourceTree = "<group>"; };
		94DE63502BF3A1F6005A71C2 /* MoodData+CoreDataProperties.swift */ = {isa = PBXFileReference; lastKnownFileType = sourcecode.swift; path = "MoodData+CoreDataProperties.swift"; sourceTree = "<group>"; };
/* End PBXFileReference section */

/* Begin PBXFrameworksBuildPhase section */
		945435912BF36D9000D94F01 /* Frameworks */ = {
			isa = PBXFrameworksBuildPhase;
			buildActionMask = 2147483647;
			files = (
			);
			runOnlyForDeploymentPostprocessing = 0;
		};
/* End PBXFrameworksBuildPhase section */

/* Begin PBXGroup section */
		9454358B2BF36D9000D94F01 = {
			isa = PBXGroup;
			children = (
				94DE634D2BF3747C005A71C2 /* PopoverView.swift */,
				94DE63462BF373C4005A71C2 /* MenuBar */,
				945435AF2BF36F2600D94F01 /* CoreData */,
				945435962BF36D9000D94F01 /* MoodMenuV1 */,
				945435952BF36D9000D94F01 /* Products */,
			);
			sourceTree = "<group>";
		};
		945435952BF36D9000D94F01 /* Products */ = {
			isa = PBXGroup;
			children = (
				945435942BF36D9000D94F01 /* MoodMenuV1.app */,
			);
			name = Products;
			sourceTree = "<group>";
		};
		945435962BF36D9000D94F01 /* MoodMenuV1 */ = {
			isa = PBXGroup;
			children = (
				945435972BF36D9000D94F01 /* MoodMenuV1App.swift */,
				945435992BF36D9000D94F01 /* ContentView.swift */,
				9454359B2BF36D9100D94F01 /* Assets.xcassets */,
				945435A52BF36D9100D94F01 /* MoodMenuV1.entitlements */,
				9454359D2BF36D9100D94F01 /* Preview Content */,
			);
			path = MoodMenuV1;
			sourceTree = "<group>";
		};
		9454359D2BF36D9100D94F01 /* Preview Content */ = {
			isa = PBXGroup;
			children = (
				9454359E2BF36D9100D94F01 /* Preview Assets.xcassets */,
			);
			path = "Preview Content";
			sourceTree = "<group>";
		};
		945435AF2BF36F2600D94F01 /* CoreData */ = {
			isa = PBXGroup;
			children = (
				94DE634F2BF3A1F6005A71C2 /* MoodData+CoreDataClass.swift */,
				94DE63502BF3A1F6005A71C2 /* MoodData+CoreDataProperties.swift */,
				945435A02BF36D9100D94F01 /* Persistence.swift */,
				945435A22BF36D9100D94F01 /* MoodMenuV1.xcdatamodeld */,
			);
			path = CoreData;
			sourceTree = "<group>";
		};
		94DE63462BF373C4005A71C2 /* MenuBar */ = {
			isa = PBXGroup;
			children = (
				94DE63492BF3741A005A71C2 /* StatusBarController.swift */,
				94DE634B2BF37453005A71C2 /* AppDelegate.swift */,
			);
			path = MenuBar;
			sourceTree = "<group>";
		};
/* End PBXGroup section */

/* Begin PBXNativeTarget section */
		945435932BF36D9000D94F01 /* MoodMenuV1 */ = {
			isa = PBXNativeTarget;
			buildConfigurationList = 945435A82BF36D9100D94F01 /* Build configuration list for PBXNativeTarget "MoodMenuV1" */;
			buildPhases = (
				945435902BF36D9000D94F01 /* Sources */,
				945435912BF36D9000D94F01 /* Frameworks */,
				945435922BF36D9000D94F01 /* Resources */,
			);
			buildRules = (
			);
			dependencies = (
			);
			name = MoodMenuV1;
			productName = MoodMenuV1;
			productReference = 945435942BF36D9000D94F01 /* MoodMenuV1.app */;
			productType = "com.apple.product-type.application";
		};
/* End PBXNativeTarget section */

/* Begin PBXProject section */
		9454358C2BF36D9000D94F01 /* Project object */ = {
			isa = PBXProject;
			attributes = {
				BuildIndependentTargetsInParallel = 1;
				LastSwiftUpdateCheck = 1530;
				LastUpgradeCheck = 1530;
				TargetAttributes = {
					945435932BF36D9000D94F01 = {
						CreatedOnToolsVersion = 15.3;
					};
				};
			};
			buildConfigurationList = 9454358F2BF36D9000D94F01 /* Build configuration list for PBXProject "MoodMenuV1" */;
			compatibilityVersion = "Xcode 14.0";
			developmentRegion = en;
			hasScannedForEncodings = 0;
			knownRegions = (
				en,
				Base,
			);
			mainGroup = 9454358B2BF36D9000D94F01;
			productRefGroup = 945435952BF36D9000D94F01 /* Products */;
			projectDirPath = "";
			projectRoot = "";
			targets = (
				945435932BF36D9000D94F01 /* MoodMenuV1 */,
			);
		};
/* End PBXProject section */

/* Begin PBXResourcesBuildPhase section */
		945435922BF36D9000D94F01 /* Resources */ = {
			isa = PBXResourcesBuildPhase;
			buildActionMask = 2147483647;
			files = (
				9454359F2BF36D9100D94F01 /* Preview Assets.xcassets in Resources */,
				9454359C2BF36D9100D94F01 /* Assets.xcassets in Resources */,
			);
			runOnlyForDeploymentPostprocessing = 0;
		};
/* End PBXResourcesBuildPhase section */

/* Begin PBXSourcesBuildPhase section */
		945435902BF36D9000D94F01 /* Sources */ = {
			isa = PBXSourcesBuildPhase;
			buildActionMask = 2147483647;
			files = (
				94DE634C2BF37453005A71C2 /* AppDelegate.swift in Sources */,
				945435A12BF36D9100D94F01 /* Persistence.swift in Sources */,
				94DE634A2BF3741A005A71C2 /* StatusBarController.swift in Sources */,
				9454359A2BF36D9000D94F01 /* ContentView.swift in Sources */,
				94DE63512BF3A1F6005A71C2 /* MoodData+CoreDataClass.swift in Sources */,
				94DE63522BF3A1F6005A71C2 /* MoodData+CoreDataProperties.swift in Sources */,
				94DE634E2BF3747C005A71C2 /* PopoverView.swift in Sources */,
				945435A42BF36D9100D94F01 /* MoodMenuV1.xcdatamodeld in Sources */,
				945435982BF36D9000D94F01 /* MoodMenuV1App.swift in Sources */,
			);
			runOnlyForDeploymentPostprocessing = 0;
		};
/* End PBXSourcesBuildPhase section */

/* Begin XCBuildConfiguration section */
		945435A62BF36D9100D94F01 /* Debug */ = {
			isa = XCBuildConfiguration;
			buildSettings = {
				ALWAYS_SEARCH_USER_PATHS = NO;
				ASSETCATALOG_COMPILER_GENERATE_SWIFT_ASSET_SYMBOL_EXTENSIONS = YES;
				CLANG_ANALYZER_NONNULL = YES;
				CLANG_ANALYZER_NUMBER_OBJECT_CONVERSION = YES_AGGRESSIVE;
				CLANG_CXX_LANGUAGE_STANDARD = "gnu++20";
				CLANG_ENABLE_MODULES = YES;
				CLANG_ENABLE_OBJC_ARC = YES;
				CLANG_ENABLE_OBJC_WEAK = YES;
				CLANG_WARN_BLOCK_CAPTURE_AUTORELEASING = YES;
				CLANG_WARN_BOOL_CONVERSION = YES;
				CLANG_WARN_COMMA = YES;
				CLANG_WARN_CONSTANT_CONVERSION = YES;
				CLANG_WARN_DEPRECATED_OBJC_IMPLEMENTATIONS = YES;
				CLANG_WARN_DIRECT_OBJC_ISA_USAGE = YES_ERROR;
				CLANG_WARN_DOCUMENTATION_COMMENTS = YES;
				CLANG_WARN_EMPTY_BODY = YES;
				CLANG_WARN_ENUM_CONVERSION = YES;
				CLANG_WARN_INFINITE_RECURSION = YES;
				CLANG_WARN_INT_CONVERSION = YES;
				CLANG_WARN_NON_LITERAL_NULL_CONVERSION = YES;
				CLANG_WARN_OBJC_IMPLICIT_RETAIN_SELF = YES;
				CLANG_WARN_OBJC_LITERAL_CONVERSION = YES;
				CLANG_WARN_OBJC_ROOT_CLASS = YES_ERROR;
				CLANG_WARN_QUOTED_INCLUDE_IN_FRAMEWORK_HEADER = YES;
				CLANG_WARN_RANGE_LOOP_ANALYSIS = YES;
				CLANG_WARN_STRICT_PROTOTYPES = YES;
				CLANG_WARN_SUSPICIOUS_MOVE = YES;
				CLANG_WARN_UNGUARDED_AVAILABILITY = YES_AGGRESSIVE;
				CLANG_WARN_UNREACHABLE_CODE = YES;
				CLANG_WARN__DUPLICATE_METHOD_MATCH = YES;
				COPY_PHASE_STRIP = NO;
				DEBUG_INFORMATION_FORMAT = dwarf;
				ENABLE_STRICT_OBJC_MSGSEND = YES;
				ENABLE_TESTABILITY = YES;
				ENABLE_USER_SCRIPT_SANDBOXING = YES;
				GCC_C_LANGUAGE_STANDARD = gnu17;
				GCC_DYNAMIC_NO_PIC = NO;
				GCC_NO_COMMON_BLOCKS = YES;
				GCC_OPTIMIZATION_LEVEL = 0;
				GCC_PREPROCESSOR_DEFINITIONS = (
					"DEBUG=1",
					"$(inherited)",
				);
				GCC_WARN_64_TO_32_BIT_CONVERSION = YES;
				GCC_WARN_ABOUT_RETURN_TYPE = YES_ERROR;
				GCC_WARN_UNDECLARED_SELECTOR = YES;
				GCC_WARN_UNINITIALIZED_AUTOS = YES_AGGRESSIVE;
				GCC_WARN_UNUSED_FUNCTION = YES;
				GCC_WARN_UNUSED_VARIABLE = YES;
				LOCALIZATION_PREFERS_STRING_CATALOGS = YES;
				MACOSX_DEPLOYMENT_TARGET = 14.3;
				MTL_ENABLE_DEBUG_INFO = INCLUDE_SOURCE;
				MTL_FAST_MATH = YES;
				ONLY_ACTIVE_ARCH = YES;
				SDKROOT = macosx;
				SWIFT_ACTIVE_COMPILATION_CONDITIONS = "DEBUG $(inherited)";
				SWIFT_OPTIMIZATION_LEVEL = "-Onone";
			};
			name = Debug;
		};
		945435A72BF36D9100D94F01 /* Release */ = {
			isa = XCBuildConfiguration;
			buildSettings = {
				ALWAYS_SEARCH_USER_PATHS = NO;
				ASSETCATALOG_COMPILER_GENERATE_SWIFT_ASSET_SYMBOL_EXTENSIONS = YES;
				CLANG_ANALYZER_NONNULL = YES;
				CLANG_ANALYZER_NUMBER_OBJECT_CONVERSION = YES_AGGRESSIVE;
				CLANG_CXX_LANGUAGE_STANDARD = "gnu++20";
				CLANG_ENABLE_MODULES = YES;
				CLANG_ENABLE_OBJC_ARC = YES;
				CLANG_ENABLE_OBJC_WEAK = YES;
				CLANG_WARN_BLOCK_CAPTURE_AUTORELEASING = YES;
				CLANG_WARN_BOOL_CONVERSION = YES;
				CLANG_WARN_COMMA = YES;
				CLANG_WARN_CONSTANT_CONVERSION = YES;
				CLANG_WARN_DEPRECATED_OBJC_IMPLEMENTATIONS = YES;
				CLANG_WARN_DIRECT_OBJC_ISA_USAGE = YES_ERROR;
				CLANG_WARN_DOCUMENTATION_COMMENTS = YES;
				CLANG_WARN_EMPTY_BODY = YES;
				CLANG_WARN_ENUM_CONVERSION = YES;
				CLANG_WARN_INFINITE_RECURSION = YES;
				CLANG_WARN_INT_CONVERSION = YES;
				CLANG_WARN_NON_LITERAL_NULL_CONVERSION = YES;
				CLANG_WARN_OBJC_IMPLICIT_RETAIN_SELF = YES;
				CLANG_WARN_OBJC_LITERAL_CONVERSION = YES;
				CLANG_WARN_OBJC_ROOT_CLASS = YES_ERROR;
				CLANG_WARN_QUOTED_INCLUDE_IN_FRAMEWORK_HEADER = YES;
				CLANG_WARN_RANGE_LOOP_ANALYSIS = YES;
				CLANG_WARN_STRICT_PROTOTYPES = YES;
				CLANG_WARN_SUSPICIOUS_MOVE = YES;
				CLANG_WARN_UNGUARDED_AVAILABILITY = YES_AGGRESSIVE;
				CLANG_WARN_UNREACHABLE_CODE = YES;
				CLANG_WARN__DUPLICATE_METHOD_MATCH = YES;
				COPY_PHASE_STRIP = NO;
				DEBUG_INFORMATION_FORMAT = "dwarf-with-dsym";
				ENABLE_NS_ASSERTIONS = NO;
				ENABLE_STRICT_OBJC_MSGSEND = YES;
				ENABLE_USER_SCRIPT_SANDBOXING = YES;
				GCC_C_LANGUAGE_STANDARD = gnu17;
				GCC_NO_COMMON_BLOCKS = YES;
				GCC_WARN_64_TO_32_BIT_CONVERSION = YES;
				GCC_WARN_ABOUT_RETURN_TYPE = YES_ERROR;
				GCC_WARN_UNDECLARED_SELECTOR = YES;
				GCC_WARN_UNINITIALIZED_AUTOS = YES_AGGRESSIVE;
				GCC_WARN_UNUSED_FUNCTION = YES;
				GCC_WARN_UNUSED_VARIABLE = YES;
				LOCALIZATION_PREFERS_STRING_CATALOGS = YES;
				MACOSX_DEPLOYMENT_TARGET = 14.3;
				MTL_ENABLE_DEBUG_INFO = NO;
				MTL_FAST_MATH = YES;
				SDKROOT = macosx;
				SWIFT_COMPILATION_MODE = wholemodule;
			};
			name = Release;
		};
		945435A92BF36D9100D94F01 /* Debug */ = {
			isa = XCBuildConfiguration;
			buildSettings = {
				ASSETCATALOG_COMPILER_APPICON_NAME = AppIcon;
				ASSETCATALOG_COMPILER_GLOBAL_ACCENT_COLOR_NAME = AccentColor;
				CODE_SIGN_ENTITLEMENTS = MoodMenuV1/MoodMenuV1.entitlements;
				CODE_SIGN_STYLE = Automatic;
				COMBINE_HIDPI_IMAGES = YES;
				CURRENT_PROJECT_VERSION = 1;
				DEVELOPMENT_ASSET_PATHS = "\"MoodMenuV1/Preview Content\"";
				DEVELOPMENT_TEAM = 4CVXVQLY6A;
				ENABLE_HARDENED_RUNTIME = YES;
				ENABLE_PREVIEWS = YES;
				GENERATE_INFOPLIST_FILE = YES;
				INFOPLIST_KEY_NSHumanReadableCopyright = "";
				LD_RUNPATH_SEARCH_PATHS = (
					"$(inherited)",
					"@executable_path/../Frameworks",
				);
				MARKETING_VERSION = 1.0;
				PRODUCT_BUNDLE_IDENTIFIER = dasilvamatt.MoodMenuV1;
				PRODUCT_NAME = "$(TARGET_NAME)";
				SWIFT_EMIT_LOC_STRINGS = YES;
				SWIFT_VERSION = 5.0;
			};
			name = Debug;
		};
		945435AA2BF36D9100D94F01 /* Release */ = {
			isa = XCBuildConfiguration;
			buildSettings = {
				ASSETCATALOG_COMPILER_APPICON_NAME = AppIcon;
				ASSETCATALOG_COMPILER_GLOBAL_ACCENT_COLOR_NAME = AccentColor;
				CODE_SIGN_ENTITLEMENTS = MoodMenuV1/MoodMenuV1.entitlements;
				CODE_SIGN_STYLE = Automatic;
				COMBINE_HIDPI_IMAGES = YES;
				CURRENT_PROJECT_VERSION = 1;
				DEVELOPMENT_ASSET_PATHS = "\"MoodMenuV1/Preview Content\"";
				DEVELOPMENT_TEAM = 4CVXVQLY6A;
				ENABLE_HARDENED_RUNTIME = YES;
				ENABLE_PREVIEWS = YES;
				GENERATE_INFOPLIST_FILE = YES;
				INFOPLIST_KEY_NSHumanReadableCopyright = "";
				LD_RUNPATH_SEARCH_PATHS = (
					"$(inherited)",
					"@executable_path/../Frameworks",
				);
				MARKETING_VERSION = 1.0;
				PRODUCT_BUNDLE_IDENTIFIER = dasilvamatt.MoodMenuV1;
				PRODUCT_NAME = "$(TARGET_NAME)";
				SWIFT_EMIT_LOC_STRINGS = YES;
				SWIFT_VERSION = 5.0;
			};
			name = Release;
		};
/* End XCBuildConfiguration section */

/* Begin XCConfigurationList section */
		9454358F2BF36D9000D94F01 /* Build configuration list for PBXProject "MoodMenuV1" */ = {
			isa = XCConfigurationList;
			buildConfigurations = (
				945435A62BF36D9100D94F01 /* Debug */,
				945435A72BF36D9100D94F01 /* Release */,
			);
			defaultConfigurationIsVisible = 0;
			defaultConfigurationName = Release;
		};
		945435A82BF36D9100D94F01 /* Build configuration list for PBXNativeTarget "MoodMenuV1" */ = {
			isa = XCConfigurationList;
			buildConfigurations = (
				945435A92BF36D9100D94F01 /* Debug */,
				945435AA2BF36D9100D94F01 /* Release */,
			);
			defaultConfigurationIsVisible = 0;
			defaultConfigurationName = Release;
		};
/* End XCConfigurationList section */

/* Begin XCVersionGroup section */
		945435A22BF36D9100D94F01 /* MoodMenuV1.xcdatamodeld */ = {
			isa = XCVersionGroup;
			children = (
				945435A32BF36D9100D94F01 /* MoodMenuV1.xcdatamodel */,
			);
			currentVersion = 945435A32BF36D9100D94F01 /* MoodMenuV1.xcdatamodel */;
			path = MoodMenuV1.xcdatamodeld;
			sourceTree = "<group>";
			versionGroupType = wrapper.xcdatamodel;
		};
/* End XCVersionGroup section */
	};
	rootObject = 9454358C2BF36D9000D94F01 /* Project object */;
}
